
Microsoft Visual Studio Solution File, Format Version 12.00
# Visual Studio Version 16
VisualStudioVersion = 16.0.29209.152
MinimumVisualStudioVersion = 10.0.40219.1
Project("{FAE04EC0-301F-11D3-BF4B-00C04F79EFBC}") = "WPF008", "WPF008\WPF008.csproj", "{61865463-ACF5-4393-8E82-4C55E4010535}"
EndProject
Project("{FAE04EC0-301F-11D3-BF4B-00C04F79EFBC}") = "WpfControlLibrary1", "WpfControlLibrary1\WpfControlLibrary1.csproj", "{DC4D4370-F8C2-4E5B-93DD-A130A49357F4}"
EndProject
Global
	GlobalSection(SolutionConfigurationPlatforms) = preSolution
		Debug|Any CPU = Debug|Any CPU
		Release|Any CPU = Release|Any CPU
	EndGlobalSection
	GlobalSection(ProjectConfigurationPlatforms) = postSolution
		{61865463-ACF5-4393-8E82-4C55E4010535}.Debug|Any CPU.ActiveCfg = Debug|Any CPU
		{61865463-ACF5-4393-8E82-4C55E4010535}.Debug|Any CPU.Build.0 = Debug|Any CPU
		{61865463-ACF5-4393-8E82-4C55E4010535}.Release|Any CPU.ActiveCfg = Release|Any CPU
		{61865463-ACF5-4393-8E82-4C55E4010535}.Release|Any CPU.Build.0 = Release|Any CPU
		{DC4D4370-F8C2-4E5B-93DD-A130A49357F4}.Debug|Any CPU.ActiveCfg = Debug|Any CPU
		{DC4D4370-F8C2-4E5B-93DD-A130A49357F4}.Debug|Any CPU.Build.0 = Debug|Any CPU
		{DC4D4370-F8C2-4E5B-93DD-A130A49357F4}.Release|Any CPU.ActiveCfg = Release|Any CPU
		{DC4D4370-F8C2-4E5B-93DD-A130A49357F4}.Release|Any CPU.Build.0 = Release|Any CPU
	EndGlobalSection
	GlobalSection(SolutionProperties) = preSolution
		HideSolutionNode = FALSE
	EndGlobalSection
	GlobalSection(ExtensibilityGlobals) = postSolution
		SolutionGuid = {66025A2B-CAA5-48CD-8D1A-910EA6546CFE}
	EndGlobalSection
EndGlobal
