
Microsoft Visual Studio Solution File, Format Version 12.00
# Visual Studio Version 16
VisualStudioVersion = 16.0.29209.152
MinimumVisualStudioVersion = 10.0.40219.1
Project("{FAE04EC0-301F-11D3-BF4B-00C04F79EFBC}") = "WPF009", "WPF009\WPF009.csproj", "{B9D68F0F-912A-4D5C-B5C3-02A8FA863C6B}"
EndProject
Global
	GlobalSection(SolutionConfigurationPlatforms) = preSolution
		Debug|Any CPU = Debug|Any CPU
		Release|Any CPU = Release|Any CPU
	EndGlobalSection
	GlobalSection(ProjectConfigurationPlatforms) = postSolution
		{B9D68F0F-912A-4D5C-B5C3-02A8FA863C6B}.Debug|Any CPU.ActiveCfg = Debug|Any CPU
		{B9D68F0F-912A-4D5C-B5C3-02A8FA863C6B}.Debug|Any CPU.Build.0 = Debug|Any CPU
		{B9D68F0F-912A-4D5C-B5C3-02A8FA863C6B}.Release|Any CPU.ActiveCfg = Release|Any CPU
		{B9D68F0F-912A-4D5C-B5C3-02A8FA863C6B}.Release|Any CPU.Build.0 = Release|Any CPU
	EndGlobalSection
	GlobalSection(SolutionProperties) = preSolution
		HideSolutionNode = FALSE
	EndGlobalSection
	GlobalSection(ExtensibilityGlobals) = postSolution
		SolutionGuid = {3D699C67-4CFB-4968-A661-42B480F6B8B6}
	EndGlobalSection
EndGlobal
