
Microsoft Visual Studio Solution File, Format Version 12.00
# Visual Studio Version 17
VisualStudioVersion = 17.2.32630.192
MinimumVisualStudioVersion = 10.0.40219.1
Project("{FAE04EC0-301F-11D3-BF4B-00C04F79EFBC}") = "WPFQ32", "WPFQ32\WPFQ32.csproj", "{31FE8953-87A5-4066-86EB-43F5F56CE98A}"
EndProject
Project("{FAE04EC0-301F-11D3-BF4B-00C04F79EFBC}") = "WpfApp1", "WpfApp1\WpfApp1.csproj", "{7D07E411-00B0-40DA-9A42-86CD779EFCF0}"
EndProject
Global
	GlobalSection(SolutionConfigurationPlatforms) = preSolution
		Debug|Any CPU = Debug|Any CPU
		Release|Any CPU = Release|Any CPU
	EndGlobalSection
	GlobalSection(ProjectConfigurationPlatforms) = postSolution
		{31FE8953-87A5-4066-86EB-43F5F56CE98A}.Debug|Any CPU.ActiveCfg = Debug|Any CPU
		{31FE8953-87A5-4066-86EB-43F5F56CE98A}.Debug|Any CPU.Build.0 = Debug|Any CPU
		{31FE8953-87A5-4066-86EB-43F5F56CE98A}.Release|Any CPU.ActiveCfg = Release|Any CPU
		{31FE8953-87A5-4066-86EB-43F5F56CE98A}.Release|Any CPU.Build.0 = Release|Any CPU
		{7D07E411-00B0-40DA-9A42-86CD779EFCF0}.Debug|Any CPU.ActiveCfg = Debug|Any CPU
		{7D07E411-00B0-40DA-9A42-86CD779EFCF0}.Debug|Any CPU.Build.0 = Debug|Any CPU
		{7D07E411-00B0-40DA-9A42-86CD779EFCF0}.Release|Any CPU.ActiveCfg = Release|Any CPU
		{7D07E411-00B0-40DA-9A42-86CD779EFCF0}.Release|Any CPU.Build.0 = Release|Any CPU
	EndGlobalSection
	GlobalSection(SolutionProperties) = preSolution
		HideSolutionNode = FALSE
	EndGlobalSection
	GlobalSection(ExtensibilityGlobals) = postSolution
		SolutionGuid = {1AD84E14-17E4-4F13-8080-6CFF16353658}
	EndGlobalSection
EndGlobal
