
Microsoft Visual Studio Solution File, Format Version 12.00
# Visual Studio Version 16
VisualStudioVersion = 16.0.29209.152
MinimumVisualStudioVersion = 10.0.40219.1
Project("{FAE04EC0-301F-11D3-BF4B-00C04F79EFBC}") = "WPF005", "WPF005\WPF005.csproj", "{82C4C846-BD1E-4AAF-A3C1-2B31F89D382A}"
EndProject
Global
	GlobalSection(SolutionConfigurationPlatforms) = preSolution
		Debug|Any CPU = Debug|Any CPU
		Release|Any CPU = Release|Any CPU
	EndGlobalSection
	GlobalSection(ProjectConfigurationPlatforms) = postSolution
		{82C4C846-BD1E-4AAF-A3C1-2B31F89D382A}.Debug|Any CPU.ActiveCfg = Debug|Any CPU
		{82C4C846-BD1E-4AAF-A3C1-2B31F89D382A}.Debug|Any CPU.Build.0 = Debug|Any CPU
		{82C4C846-BD1E-4AAF-A3C1-2B31F89D382A}.Release|Any CPU.ActiveCfg = Release|Any CPU
		{82C4C846-BD1E-4AAF-A3C1-2B31F89D382A}.Release|Any CPU.Build.0 = Release|Any CPU
	EndGlobalSection
	GlobalSection(SolutionProperties) = preSolution
		HideSolutionNode = FALSE
	EndGlobalSection
	GlobalSection(ExtensibilityGlobals) = postSolution
		SolutionGuid = {48A452F9-DA7B-4753-B1CE-457E7B48D815}
	EndGlobalSection
EndGlobal
