
Microsoft Visual Studio Solution File, Format Version 12.00
# Visual Studio Version 16
VisualStudioVersion = 16.0.29123.89
MinimumVisualStudioVersion = 10.0.40219.1
Project("{FAE04EC0-301F-11D3-BF4B-00C04F79EFBC}") = "WPF02", "WPF02\WPF02.csproj", "{B4E57EB4-6B39-4A9C-853B-71B3B648D12D}"
EndProject
Global
	GlobalSection(SolutionConfigurationPlatforms) = preSolution
		Debug|Any CPU = Debug|Any CPU
		Release|Any CPU = Release|Any CPU
	EndGlobalSection
	GlobalSection(ProjectConfigurationPlatforms) = postSolution
		{B4E57EB4-6B39-4A9C-853B-71B3B648D12D}.Debug|Any CPU.ActiveCfg = Debug|Any CPU
		{B4E57EB4-6B39-4A9C-853B-71B3B648D12D}.Debug|Any CPU.Build.0 = Debug|Any CPU
		{B4E57EB4-6B39-4A9C-853B-71B3B648D12D}.Release|Any CPU.ActiveCfg = Release|Any CPU
		{B4E57EB4-6B39-4A9C-853B-71B3B648D12D}.Release|Any CPU.Build.0 = Release|Any CPU
	EndGlobalSection
	GlobalSection(SolutionProperties) = preSolution
		HideSolutionNode = FALSE
	EndGlobalSection
	GlobalSection(ExtensibilityGlobals) = postSolution
		SolutionGuid = {A62AA441-35DB-49E1-A04A-C690AF6126B0}
	EndGlobalSection
EndGlobal
