
Microsoft Visual Studio Solution File, Format Version 12.00
# Visual Studio Version 16
VisualStudioVersion = 16.0.29209.152
MinimumVisualStudioVersion = 10.0.40219.1
Project("{FAE04EC0-301F-11D3-BF4B-00C04F79EFBC}") = "WPFQ014", "WPFQ014\WPFQ014.csproj", "{10F977E4-CE0E-40F4-B7C0-1279034ABDBE}"
EndProject
Global
	GlobalSection(SolutionConfigurationPlatforms) = preSolution
		Debug|Any CPU = Debug|Any CPU
		Release|Any CPU = Release|Any CPU
	EndGlobalSection
	GlobalSection(ProjectConfigurationPlatforms) = postSolution
		{10F977E4-CE0E-40F4-B7C0-1279034ABDBE}.Debug|Any CPU.ActiveCfg = Debug|Any CPU
		{10F977E4-CE0E-40F4-B7C0-1279034ABDBE}.Debug|Any CPU.Build.0 = Debug|Any CPU
		{10F977E4-CE0E-40F4-B7C0-1279034ABDBE}.Release|Any CPU.ActiveCfg = Release|Any CPU
		{10F977E4-CE0E-40F4-B7C0-1279034ABDBE}.Release|Any CPU.Build.0 = Release|Any CPU
	EndGlobalSection
	GlobalSection(SolutionProperties) = preSolution
		HideSolutionNode = FALSE
	EndGlobalSection
	GlobalSection(ExtensibilityGlobals) = postSolution
		SolutionGuid = {2538E658-481D-4EB6-8BC3-8853771ACD77}
	EndGlobalSection
EndGlobal
