
Microsoft Visual Studio Solution File, Format Version 12.00
# Visual Studio Version 16
VisualStudioVersion = 16.0.29209.152
MinimumVisualStudioVersion = 10.0.40219.1
Project("{FAE04EC0-301F-11D3-BF4B-00C04F79EFBC}") = "WPF010", "WPF010\WPF010.csproj", "{2B703A4C-313D-4E61-86CE-ECA61F76A79D}"
EndProject
Project("{FAE04EC0-301F-11D3-BF4B-00C04F79EFBC}") = "ClassLibrary1", "ClassLibrary1\ClassLibrary1.csproj", "{DCC910E4-392C-48EE-9BBA-9F0D5C3C5E10}"
EndProject
Global
	GlobalSection(SolutionConfigurationPlatforms) = preSolution
		Debug|Any CPU = Debug|Any CPU
		Release|Any CPU = Release|Any CPU
	EndGlobalSection
	GlobalSection(ProjectConfigurationPlatforms) = postSolution
		{2B703A4C-313D-4E61-86CE-ECA61F76A79D}.Debug|Any CPU.ActiveCfg = Debug|Any CPU
		{2B703A4C-313D-4E61-86CE-ECA61F76A79D}.Debug|Any CPU.Build.0 = Debug|Any CPU
		{2B703A4C-313D-4E61-86CE-ECA61F76A79D}.Release|Any CPU.ActiveCfg = Release|Any CPU
		{2B703A4C-313D-4E61-86CE-ECA61F76A79D}.Release|Any CPU.Build.0 = Release|Any CPU
		{DCC910E4-392C-48EE-9BBA-9F0D5C3C5E10}.Debug|Any CPU.ActiveCfg = Debug|Any CPU
		{DCC910E4-392C-48EE-9BBA-9F0D5C3C5E10}.Debug|Any CPU.Build.0 = Debug|Any CPU
		{DCC910E4-392C-48EE-9BBA-9F0D5C3C5E10}.Release|Any CPU.ActiveCfg = Release|Any CPU
		{DCC910E4-392C-48EE-9BBA-9F0D5C3C5E10}.Release|Any CPU.Build.0 = Release|Any CPU
	EndGlobalSection
	GlobalSection(SolutionProperties) = preSolution
		HideSolutionNode = FALSE
	EndGlobalSection
	GlobalSection(ExtensibilityGlobals) = postSolution
		SolutionGuid = {B219738C-7A1D-40A7-86DD-11207AD5CA25}
	EndGlobalSection
EndGlobal
