
Microsoft Visual Studio Solution File, Format Version 12.00
# Visual Studio Version 17
VisualStudioVersion = 17.0.31717.71
MinimumVisualStudioVersion = 10.0.40219.1
Project("{FAE04EC0-301F-11D3-BF4B-00C04F79EFBC}") = "WpfQ29", "WpfQ29\WpfQ29.csproj", "{B49CB8F8-D478-4359-89FC-CD7C8468DAEC}"
EndProject
Global
	GlobalSection(SolutionConfigurationPlatforms) = preSolution
		Debug|Any CPU = Debug|Any CPU
		Release|Any CPU = Release|Any CPU
	EndGlobalSection
	GlobalSection(ProjectConfigurationPlatforms) = postSolution
		{B49CB8F8-D478-4359-89FC-CD7C8468DAEC}.Debug|Any CPU.ActiveCfg = Debug|Any CPU
		{B49CB8F8-D478-4359-89FC-CD7C8468DAEC}.Debug|Any CPU.Build.0 = Debug|Any CPU
		{B49CB8F8-D478-4359-89FC-CD7C8468DAEC}.Release|Any CPU.ActiveCfg = Release|Any CPU
		{B49CB8F8-D478-4359-89FC-CD7C8468DAEC}.Release|Any CPU.Build.0 = Release|Any CPU
	EndGlobalSection
	GlobalSection(SolutionProperties) = preSolution
		HideSolutionNode = FALSE
	EndGlobalSection
	GlobalSection(ExtensibilityGlobals) = postSolution
		SolutionGuid = {833C65CF-8C0E-4F11-98C2-136FFE64819F}
	EndGlobalSection
EndGlobal
