
Microsoft Visual Studio Solution File, Format Version 12.00
# Visual Studio Version 16
VisualStudioVersion = 16.0.30001.183
MinimumVisualStudioVersion = 10.0.40219.1
Project("{FAE04EC0-301F-11D3-BF4B-00C04F79EFBC}") = "WPFQ20", "WPFQ20\WPFQ20.csproj", "{8FDD84E6-C1AA-4EA7-A25F-95FC095A321A}"
EndProject
Global
	GlobalSection(SolutionConfigurationPlatforms) = preSolution
		Debug|Any CPU = Debug|Any CPU
		Release|Any CPU = Release|Any CPU
	EndGlobalSection
	GlobalSection(ProjectConfigurationPlatforms) = postSolution
		{8FDD84E6-C1AA-4EA7-A25F-95FC095A321A}.Debug|Any CPU.ActiveCfg = Debug|Any CPU
		{8FDD84E6-C1AA-4EA7-A25F-95FC095A321A}.Debug|Any CPU.Build.0 = Debug|Any CPU
		{8FDD84E6-C1AA-4EA7-A25F-95FC095A321A}.Release|Any CPU.ActiveCfg = Release|Any CPU
		{8FDD84E6-C1AA-4EA7-A25F-95FC095A321A}.Release|Any CPU.Build.0 = Release|Any CPU
	EndGlobalSection
	GlobalSection(SolutionProperties) = preSolution
		HideSolutionNode = FALSE
	EndGlobalSection
	GlobalSection(ExtensibilityGlobals) = postSolution
		SolutionGuid = {5FE3A6DD-C112-4B2E-A299-0BB8A2545CED}
	EndGlobalSection
EndGlobal
