
Microsoft Visual Studio Solution File, Format Version 12.00
# Visual Studio Version 16
VisualStudioVersion = 16.0.29209.152
MinimumVisualStudioVersion = 10.0.40219.1
Project("{FAE04EC0-301F-11D3-BF4B-00C04F79EFBC}") = "WPF006", "WPF006\WPF006.csproj", "{8B98DED8-2479-44DC-A684-9D53C98D5165}"
EndProject
Global
	GlobalSection(SolutionConfigurationPlatforms) = preSolution
		Debug|Any CPU = Debug|Any CPU
		Release|Any CPU = Release|Any CPU
	EndGlobalSection
	GlobalSection(ProjectConfigurationPlatforms) = postSolution
		{8B98DED8-2479-44DC-A684-9D53C98D5165}.Debug|Any CPU.ActiveCfg = Debug|Any CPU
		{8B98DED8-2479-44DC-A684-9D53C98D5165}.Debug|Any CPU.Build.0 = Debug|Any CPU
		{8B98DED8-2479-44DC-A684-9D53C98D5165}.Release|Any CPU.ActiveCfg = Release|Any CPU
		{8B98DED8-2479-44DC-A684-9D53C98D5165}.Release|Any CPU.Build.0 = Release|Any CPU
	EndGlobalSection
	GlobalSection(SolutionProperties) = preSolution
		HideSolutionNode = FALSE
	EndGlobalSection
	GlobalSection(ExtensibilityGlobals) = postSolution
		SolutionGuid = {C7613A85-427C-4B14-9503-AD829AE3C36C}
	EndGlobalSection
EndGlobal
