
Microsoft Visual Studio Solution File, Format Version 12.00
# Visual Studio Version 17
VisualStudioVersion = 17.5.33209.295
MinimumVisualStudioVersion = 10.0.40219.1
Project("{FAE04EC0-301F-11D3-BF4B-00C04F79EFBC}") = "wpfq36", "wpfq36\wpfq36.csproj", "{67F51BA0-5C25-442A-A14E-8D2605D1A2B6}"
EndProject
Global
	GlobalSection(SolutionConfigurationPlatforms) = preSolution
		Debug|Any CPU = Debug|Any CPU
		Release|Any CPU = Release|Any CPU
	EndGlobalSection
	GlobalSection(ProjectConfigurationPlatforms) = postSolution
		{67F51BA0-5C25-442A-A14E-8D2605D1A2B6}.Debug|Any CPU.ActiveCfg = Debug|Any CPU
		{67F51BA0-5C25-442A-A14E-8D2605D1A2B6}.Debug|Any CPU.Build.0 = Debug|Any CPU
		{67F51BA0-5C25-442A-A14E-8D2605D1A2B6}.Release|Any CPU.ActiveCfg = Release|Any CPU
		{67F51BA0-5C25-442A-A14E-8D2605D1A2B6}.Release|Any CPU.Build.0 = Release|Any CPU
	EndGlobalSection
	GlobalSection(SolutionProperties) = preSolution
		HideSolutionNode = FALSE
	EndGlobalSection
	GlobalSection(ExtensibilityGlobals) = postSolution
		SolutionGuid = {F0353223-FD5D-4935-BFB7-D2507428FD9C}
	EndGlobalSection
EndGlobal
