
Microsoft Visual Studio Solution File, Format Version 12.00
# Visual Studio Version 16
VisualStudioVersion = 16.0.29209.152
MinimumVisualStudioVersion = 10.0.40219.1
Project("{FAE04EC0-301F-11D3-BF4B-00C04F79EFBC}") = "WPFQ013", "WPFQ013\WPFQ013.csproj", "{B2C8D303-672B-4E2C-A7F4-0147B7759B3B}"
EndProject
Global
	GlobalSection(SolutionConfigurationPlatforms) = preSolution
		Debug|Any CPU = Debug|Any CPU
		Release|Any CPU = Release|Any CPU
	EndGlobalSection
	GlobalSection(ProjectConfigurationPlatforms) = postSolution
		{B2C8D303-672B-4E2C-A7F4-0147B7759B3B}.Debug|Any CPU.ActiveCfg = Debug|Any CPU
		{B2C8D303-672B-4E2C-A7F4-0147B7759B3B}.Debug|Any CPU.Build.0 = Debug|Any CPU
		{B2C8D303-672B-4E2C-A7F4-0147B7759B3B}.Release|Any CPU.ActiveCfg = Release|Any CPU
		{B2C8D303-672B-4E2C-A7F4-0147B7759B3B}.Release|Any CPU.Build.0 = Release|Any CPU
	EndGlobalSection
	GlobalSection(SolutionProperties) = preSolution
		HideSolutionNode = FALSE
	EndGlobalSection
	GlobalSection(ExtensibilityGlobals) = postSolution
		SolutionGuid = {2604BA0A-B7FE-4702-8063-CEE8157ACD84}
	EndGlobalSection
EndGlobal
